github.com/gorilla/mux v1.8.0 h1:i40aqfkR1h2SlN9hojwV5ZA91wcXFOvkdNIeFDP5koI=
github.com/gorilla/mux v1.8.0/go.mod h1:DVbg23sWSpFRCP0SfiEN6jmj59UnW/n46BH5rLB71So=
github.com/olebedev/config v0.0.0-20190528211619-364964f3a8e4 h1:JnVsYEQzhEcOspy6ngIYNF2u0h2mjkXZptzX0IzZQ4g=
github.com/olebedev/config v0.0.0-20190528211619-364964f3a8e4/go.mod h1:RL5+WRxWTAXqqCi9i+eZlHrUtO7AQujUqWi+xMohmc4=
github.com/vikesh-raj/go-practice v0.0.0-20210626065716-27570d42b2c6 h1:CHeQ5rC1XPfDl3UBdVqTkR9GaNPWylIUSbyNvInO+PU=
gopkg.in/check.v1 v0.0.0-20161208181325-20d25e280405/go.mod h1:Co6ibVJAznAaIkqp8huTwlJQCZ016jof/cbN4VW5Yz0=
gopkg.in/yaml.v2 v2.4.0 h1:D8xgwECY7CYvx+Y2n4sBz93Jn9JRvxdiyyo8CTfuKaY=
gopkg.in/yaml.v2 v2.4.0/go.mod h1:RDklbk79AGWmwhnvt/jBztapEOGDOx6ZbXqjP6csGnQ=
